Microsoft Visual Studio Solution File, Format Version 12.00
# Visual Studio Version 17
VisualStudioVersion = 17.13.35931.197
MinimumVisualStudioVersion = 10.0.40219.1
Project("{FAE04EC0-301F-11D3-BF4B-00C04F79EFBC}") = "Grouping.NET", "Grouping.NET\Grouping.NET.csproj", "{DFDD858D-CDD5-4278-A07D-9E4468904A05}"
EndProject
Global
	GlobalSection(SolutionConfigurationPlatforms) = preSolution
		Debug|Any CPU = Debug|Any CPU
		Release|Any CPU = Release|Any CPU
	EndGlobalSection
	GlobalSection(ProjectConfigurationPlatforms) = postSolution
		{DFDD858D-CDD5-4278-A07D-9E4468904A05}.Debug|Any CPU.ActiveCfg = Debug|Any CPU
		{DFDD858D-CDD5-4278-A07D-9E4468904A05}.Debug|Any CPU.Build.0 = Debug|Any CPU
		{DFDD858D-CDD5-4278-A07D-9E4468904A05}.Release|Any CPU.ActiveCfg = Release|Any CPU
		{DFDD858D-CDD5-4278-A07D-9E4468904A05}.Release|Any CPU.Build.0 = Release|Any CPU
	EndGlobalSection
	GlobalSection(SolutionProperties) = preSolution
		HideSolutionNode = FALSE
	EndGlobalSection
	GlobalSection(ExtensibilityGlobals) = postSolution
		SolutionGuid = {25376A7B-2261-49F0-99E2-87CB58E5D695}
	EndGlobalSection
EndGlobal
